
Microsoft Visual Studio Solution File, Format Version 12.00
# Visual Studio 15
Project("{FAE04EC0-301F-11D3-BF4B-00C04F79EFBC}") = "UnityEngine.TestRunner", "UnityEngine.TestRunner.csproj", "{3E7AA72F-F2F0-25F3-5BD5-4BFF7C8DC158}"
EndProject
Project("{FAE04EC0-301F-11D3-BF4B-00C04F79EFBC}") = "Unity.2D.Animation.Triangle.Runtime", "Unity.2D.Animation.Triangle.Runtime.csproj", "{97F344C4-5EBA-FCA3-2C61-A22CA5E92FCB}"
EndProject
Project("{FAE04EC0-301F-11D3-BF4B-00C04F79EFBC}") = "Unity.TextMeshPro", "Unity.TextMeshPro.csproj", "{2583A2E2-E322-23D1-AF3F-4B245DCF000A}"
EndProject
Project("{FAE04EC0-301F-11D3-BF4B-00C04F79EFBC}") = "Unity.2D.Animation.Runtime", "Unity.2D.Animation.Runtime.csproj", "{1C0AFEEC-4B6D-40DB-3F49-CD6C1FEBD658}"
EndProject
Project("{FAE04EC0-301F-11D3-BF4B-00C04F79EFBC}") = "Unity.Timeline", "Unity.Timeline.csproj", "{0764C608-1C18-B2DE-5E6B-24B4FA0B8E5E}"
EndProject
Project("{FAE04EC0-301F-11D3-BF4B-00C04F79EFBC}") = "Unity.Mathematics", "Unity.Mathematics.csproj", "{444F0848-E02C-6C39-D939-F1BBE4CB2DD4}"
EndProject
Project("{FAE04EC0-301F-11D3-BF4B-00C04F79EFBC}") = "Unity.2D.SpriteShape.Runtime", "Unity.2D.SpriteShape.Runtime.csproj", "{4592AD1A-3B54-C568-CF5D-36AB29C28AF1}"
EndProject
Project("{FAE04EC0-301F-11D3-BF4B-00C04F79EFBC}") = "Unity.2D.PixelPerfect", "Unity.2D.PixelPerfect.csproj", "{C063E1B2-53BB-A87A-B34F-4336F09A76B9}"
EndProject
Project("{FAE04EC0-301F-11D3-BF4B-00C04F79EFBC}") = "Unity.InternalAPIEngineBridge.001", "Unity.InternalAPIEngineBridge.001.csproj", "{18CAF115-3ED6-B7FE-F844-9F7581D83514}"
EndProject
Project("{FAE04EC0-301F-11D3-BF4B-00C04F79EFBC}") = "Unity.2D.Common.Runtime", "Unity.2D.Common.Runtime.csproj", "{EE073FF3-584D-8FE2-F792-5FD7B5C61AF3}"
EndProject
Project("{FAE04EC0-301F-11D3-BF4B-00C04F79EFBC}") = "Assembly-CSharp", "Assembly-CSharp.csproj", "{EF44EF2F-E962-D488-599E-2EF4A14ECC24}"
EndProject
Project("{FAE04EC0-301F-11D3-BF4B-00C04F79EFBC}") = "UnityEditor.TestRunner", "UnityEditor.TestRunner.csproj", "{2D64A4AD-D9AB-3012-2D53-46B9535E6456}"
EndProject
Project("{FAE04EC0-301F-11D3-BF4B-00C04F79EFBC}") = "Unity.VisualStudio.Editor", "Unity.VisualStudio.Editor.csproj", "{94FB9E8D-D7EF-49BE-AEEE-16B3A88A5D07}"
EndProject
Project("{FAE04EC0-301F-11D3-BF4B-00C04F79EFBC}") = "Unity.TextMeshPro.Editor", "Unity.TextMeshPro.Editor.csproj", "{219685BB-EE47-0CD1-A0AD-063D203162CE}"
EndProject
Project("{FAE04EC0-301F-11D3-BF4B-00C04F79EFBC}") = "Unity.Timeline.Editor", "Unity.Timeline.Editor.csproj", "{85891211-8189-F4E5-BA73-E3DB8FF6156A}"
EndProject
Project("{FAE04EC0-301F-11D3-BF4B-00C04F79EFBC}") = "Unity.PlasticSCM.Editor", "Unity.PlasticSCM.Editor.csproj", "{18D210D7-3580-1150-BC10-2CB2E3E04754}"
EndProject
Project("{FAE04EC0-301F-11D3-BF4B-00C04F79EFBC}") = "Unity.2D.Animation.Editor", "Unity.2D.Animation.Editor.csproj", "{DF97BCFD-0822-3958-0E4A-9CC7C6187DD0}"
EndProject
Project("{FAE04EC0-301F-11D3-BF4B-00C04F79EFBC}") = "Unity.2D.Path.Editor", "Unity.2D.Path.Editor.csproj", "{8E8669F2-BCA7-5665-6C6E-06591D0D2D84}"
EndProject
Project("{FAE04EC0-301F-11D3-BF4B-00C04F79EFBC}") = "Unity.Rider.Editor", "Unity.Rider.Editor.csproj", "{9086D0DF-C475-69F0-3167-C3C0E8349C71}"
EndProject
Project("{FAE04EC0-301F-11D3-BF4B-00C04F79EFBC}") = "Unity.2D.SpriteShape.Editor", "Unity.2D.SpriteShape.Editor.csproj", "{B9937C22-8A65-890C-B047-69EB35F6D1CC}"
EndProject
Project("{FAE04EC0-301F-11D3-BF4B-00C04F79EFBC}") = "PsdPlugin", "PsdPlugin.csproj", "{DEEBE370-4F29-1D12-E598-9DC29B99BD12}"
EndProject
Project("{FAE04EC0-301F-11D3-BF4B-00C04F79EFBC}") = "Unity.CollabProxy.Editor", "Unity.CollabProxy.Editor.csproj", "{CB4250E2-0AD4-18EC-F5F4-F5F1806E3A51}"
EndProject
Project("{FAE04EC0-301F-11D3-BF4B-00C04F79EFBC}") = "Unity.VSCode.Editor", "Unity.VSCode.Editor.csproj", "{F66797B5-861B-1014-76A7-2006DB6B929F}"
EndProject
Project("{FAE04EC0-301F-11D3-BF4B-00C04F79EFBC}") = "Unity.2D.Common.Editor", "Unity.2D.Common.Editor.csproj", "{6E5C5EAA-CAC8-D614-422F-9E36175738FB}"
EndProject
Project("{FAE04EC0-301F-11D3-BF4B-00C04F79EFBC}") = "Unity.2D.Psdimporter.Editor", "Unity.2D.Psdimporter.Editor.csproj", "{9ED58211-6C4C-57CF-B0F0-CBF0FBD43C1D}"
EndProject
Project("{FAE04EC0-301F-11D3-BF4B-00C04F79EFBC}") = "Unity.2D.PixelPerfect.Editor", "Unity.2D.PixelPerfect.Editor.csproj", "{66469385-0229-36A3-ACC6-B38093C7E7B7}"
EndProject
Project("{FAE04EC0-301F-11D3-BF4B-00C04F79EFBC}") = "Unity.Mathematics.Editor", "Unity.Mathematics.Editor.csproj", "{7AE4D50E-19CA-C0C0-5B90-A0E3F38C45F3}"
EndProject
Project("{FAE04EC0-301F-11D3-BF4B-00C04F79EFBC}") = "Unity.InternalAPIEditorBridge.001", "Unity.InternalAPIEditorBridge.001.csproj", "{38BCFEDA-7E79-A1BA-F1BB-FFF65AFF17D4}"
EndProject
Global
	GlobalSection(SolutionConfigurationPlatforms) = preSolution
		Debug|Any CPU = Debug|Any CPU
		Release|Any CPU = Release|Any CPU
	EndGlobalSection
	GlobalSection(ProjectConfigurationPlatforms) = postSolution
		{3E7AA72F-F2F0-25F3-5BD5-4BFF7C8DC158}.Debug|Any CPU.ActiveCfg = Debug|Any CPU
		{3E7AA72F-F2F0-25F3-5BD5-4BFF7C8DC158}.Debug|Any CPU.Build.0 = Debug|Any CPU
		{3E7AA72F-F2F0-25F3-5BD5-4BFF7C8DC158}.Release|Any CPU.ActiveCfg = Release|Any CPU
		{3E7AA72F-F2F0-25F3-5BD5-4BFF7C8DC158}.Release|Any CPU.Build.0 = Release|Any CPU
		{97F344C4-5EBA-FCA3-2C61-A22CA5E92FCB}.Debug|Any CPU.ActiveCfg = Debug|Any CPU
		{97F344C4-5EBA-FCA3-2C61-A22CA5E92FCB}.Debug|Any CPU.Build.0 = Debug|Any CPU
		{97F344C4-5EBA-FCA3-2C61-A22CA5E92FCB}.Release|Any CPU.ActiveCfg = Release|Any CPU
		{97F344C4-5EBA-FCA3-2C61-A22CA5E92FCB}.Release|Any CPU.Build.0 = Release|Any CPU
		{2583A2E2-E322-23D1-AF3F-4B245DCF000A}.Debug|Any CPU.ActiveCfg = Debug|Any CPU
		{2583A2E2-E322-23D1-AF3F-4B245DCF000A}.Debug|Any CPU.Build.0 = Debug|Any CPU
		{2583A2E2-E322-23D1-AF3F-4B245DCF000A}.Release|Any CPU.ActiveCfg = Release|Any CPU
		{2583A2E2-E322-23D1-AF3F-4B245DCF000A}.Release|Any CPU.Build.0 = Release|Any CPU
		{1C0AFEEC-4B6D-40DB-3F49-CD6C1FEBD658}.Debug|Any CPU.ActiveCfg = Debug|Any CPU
		{1C0AFEEC-4B6D-40DB-3F49-CD6C1FEBD658}.Debug|Any CPU.Build.0 = Debug|Any CPU
		{1C0AFEEC-4B6D-40DB-3F49-CD6C1FEBD658}.Release|Any CPU.ActiveCfg = Release|Any CPU
		{1C0AFEEC-4B6D-40DB-3F49-CD6C1FEBD658}.Release|Any CPU.Build.0 = Release|Any CPU
		{0764C608-1C18-B2DE-5E6B-24B4FA0B8E5E}.Debug|Any CPU.ActiveCfg = Debug|Any CPU
		{0764C608-1C18-B2DE-5E6B-24B4FA0B8E5E}.Debug|Any CPU.Build.0 = Debug|Any CPU
		{0764C608-1C18-B2DE-5E6B-24B4FA0B8E5E}.Release|Any CPU.ActiveCfg = Release|Any CPU
		{0764C608-1C18-B2DE-5E6B-24B4FA0B8E5E}.Release|Any CPU.Build.0 = Release|Any CPU
		{444F0848-E02C-6C39-D939-F1BBE4CB2DD4}.Debug|Any CPU.ActiveCfg = Debug|Any CPU
		{444F0848-E02C-6C39-D939-F1BBE4CB2DD4}.Debug|Any CPU.Build.0 = Debug|Any CPU
		{444F0848-E02C-6C39-D939-F1BBE4CB2DD4}.Release|Any CPU.ActiveCfg = Release|Any CPU
		{444F0848-E02C-6C39-D939-F1BBE4CB2DD4}.Release|Any CPU.Build.0 = Release|Any CPU
		{4592AD1A-3B54-C568-CF5D-36AB29C28AF1}.Debug|Any CPU.ActiveCfg = Debug|Any CPU
		{4592AD1A-3B54-C568-CF5D-36AB29C28AF1}.Debug|Any CPU.Build.0 = Debug|Any CPU
		{4592AD1A-3B54-C568-CF5D-36AB29C28AF1}.Release|Any CPU.ActiveCfg = Release|Any CPU
		{4592AD1A-3B54-C568-CF5D-36AB29C28AF1}.Release|Any CPU.Build.0 = Release|Any CPU
		{C063E1B2-53BB-A87A-B34F-4336F09A76B9}.Debug|Any CPU.ActiveCfg = Debug|Any CPU
		{C063E1B2-53BB-A87A-B34F-4336F09A76B9}.Debug|Any CPU.Build.0 = Debug|Any CPU
		{C063E1B2-53BB-A87A-B34F-4336F09A76B9}.Release|Any CPU.ActiveCfg = Release|Any CPU
		{C063E1B2-53BB-A87A-B34F-4336F09A76B9}.Release|Any CPU.Build.0 = Release|Any CPU
		{18CAF115-3ED6-B7FE-F844-9F7581D83514}.Debug|Any CPU.ActiveCfg = Debug|Any CPU
		{18CAF115-3ED6-B7FE-F844-9F7581D83514}.Debug|Any CPU.Build.0 = Debug|Any CPU
		{18CAF115-3ED6-B7FE-F844-9F7581D83514}.Release|Any CPU.ActiveCfg = Release|Any CPU
		{18CAF115-3ED6-B7FE-F844-9F7581D83514}.Release|Any CPU.Build.0 = Release|Any CPU
		{EE073FF3-584D-8FE2-F792-5FD7B5C61AF3}.Debug|Any CPU.ActiveCfg = Debug|Any CPU
		{EE073FF3-584D-8FE2-F792-5FD7B5C61AF3}.Debug|Any CPU.Build.0 = Debug|Any CPU
		{EE073FF3-584D-8FE2-F792-5FD7B5C61AF3}.Release|Any CPU.ActiveCfg = Release|Any CPU
		{EE073FF3-584D-8FE2-F792-5FD7B5C61AF3}.Release|Any CPU.Build.0 = Release|Any CPU
		{EF44EF2F-E962-D488-599E-2EF4A14ECC24}.Debug|Any CPU.ActiveCfg = Debug|Any CPU
		{EF44EF2F-E962-D488-599E-2EF4A14ECC24}.Debug|Any CPU.Build.0 = Debug|Any CPU
		{EF44EF2F-E962-D488-599E-2EF4A14ECC24}.Release|Any CPU.ActiveCfg = Release|Any CPU
		{EF44EF2F-E962-D488-599E-2EF4A14ECC24}.Release|Any CPU.Build.0 = Release|Any CPU
		{2D64A4AD-D9AB-3012-2D53-46B9535E6456}.Debug|Any CPU.ActiveCfg = Debug|Any CPU
		{2D64A4AD-D9AB-3012-2D53-46B9535E6456}.Debug|Any CPU.Build.0 = Debug|Any CPU
		{2D64A4AD-D9AB-3012-2D53-46B9535E6456}.Release|Any CPU.ActiveCfg = Release|Any CPU
		{2D64A4AD-D9AB-3012-2D53-46B9535E6456}.Release|Any CPU.Build.0 = Release|Any CPU
		{94FB9E8D-D7EF-49BE-AEEE-16B3A88A5D07}.Debug|Any CPU.ActiveCfg = Debug|Any CPU
		{94FB9E8D-D7EF-49BE-AEEE-16B3A88A5D07}.Debug|Any CPU.Build.0 = Debug|Any CPU
		{94FB9E8D-D7EF-49BE-AEEE-16B3A88A5D07}.Release|Any CPU.ActiveCfg = Release|Any CPU
		{94FB9E8D-D7EF-49BE-AEEE-16B3A88A5D07}.Release|Any CPU.Build.0 = Release|Any CPU
		{219685BB-EE47-0CD1-A0AD-063D203162CE}.Debug|Any CPU.ActiveCfg = Debug|Any CPU
		{219685BB-EE47-0CD1-A0AD-063D203162CE}.Debug|Any CPU.Build.0 = Debug|Any CPU
		{219685BB-EE47-0CD1-A0AD-063D203162CE}.Release|Any CPU.ActiveCfg = Release|Any CPU
		{219685BB-EE47-0CD1-A0AD-063D203162CE}.Release|Any CPU.Build.0 = Release|Any CPU
		{85891211-8189-F4E5-BA73-E3DB8FF6156A}.Debug|Any CPU.ActiveCfg = Debug|Any CPU
		{85891211-8189-F4E5-BA73-E3DB8FF6156A}.Debug|Any CPU.Build.0 = Debug|Any CPU
		{85891211-8189-F4E5-BA73-E3DB8FF6156A}.Release|Any CPU.ActiveCfg = Release|Any CPU
		{85891211-8189-F4E5-BA73-E3DB8FF6156A}.Release|Any CPU.Build.0 = Release|Any CPU
		{18D210D7-3580-1150-BC10-2CB2E3E04754}.Debug|Any CPU.ActiveCfg = Debug|Any CPU
		{18D210D7-3580-1150-BC10-2CB2E3E04754}.Debug|Any CPU.Build.0 = Debug|Any CPU
		{18D210D7-3580-1150-BC10-2CB2E3E04754}.Release|Any CPU.ActiveCfg = Release|Any CPU
		{18D210D7-3580-1150-BC10-2CB2E3E04754}.Release|Any CPU.Build.0 = Release|Any CPU
		{DF97BCFD-0822-3958-0E4A-9CC7C6187DD0}.Debug|Any CPU.ActiveCfg = Debug|Any CPU
		{DF97BCFD-0822-3958-0E4A-9CC7C6187DD0}.Debug|Any CPU.Build.0 = Debug|Any CPU
		{DF97BCFD-0822-3958-0E4A-9CC7C6187DD0}.Release|Any CPU.ActiveCfg = Release|Any CPU
		{DF97BCFD-0822-3958-0E4A-9CC7C6187DD0}.Release|Any CPU.Build.0 = Release|Any CPU
		{8E8669F2-BCA7-5665-6C6E-06591D0D2D84}.Debug|Any CPU.ActiveCfg = Debug|Any CPU
		{8E8669F2-BCA7-5665-6C6E-06591D0D2D84}.Debug|Any CPU.Build.0 = Debug|Any CPU
		{8E8669F2-BCA7-5665-6C6E-06591D0D2D84}.Release|Any CPU.ActiveCfg = Release|Any CPU
		{8E8669F2-BCA7-5665-6C6E-06591D0D2D84}.Release|Any CPU.Build.0 = Release|Any CPU
		{9086D0DF-C475-69F0-3167-C3C0E8349C71}.Debug|Any CPU.ActiveCfg = Debug|Any CPU
		{9086D0DF-C475-69F0-3167-C3C0E8349C71}.Debug|Any CPU.Build.0 = Debug|Any CPU
		{9086D0DF-C475-69F0-3167-C3C0E8349C71}.Release|Any CPU.ActiveCfg = Release|Any CPU
		{9086D0DF-C475-69F0-3167-C3C0E8349C71}.Release|Any CPU.Build.0 = Release|Any CPU
		{B9937C22-8A65-890C-B047-69EB35F6D1CC}.Debug|Any CPU.ActiveCfg = Debug|Any CPU
		{B9937C22-8A65-890C-B047-69EB35F6D1CC}.Debug|Any CPU.Build.0 = Debug|Any CPU
		{B9937C22-8A65-890C-B047-69EB35F6D1CC}.Release|Any CPU.ActiveCfg = Release|Any CPU
		{B9937C22-8A65-890C-B047-69EB35F6D1CC}.Release|Any CPU.Build.0 = Release|Any CPU
		{DEEBE370-4F29-1D12-E598-9DC29B99BD12}.Debug|Any CPU.ActiveCfg = Debug|Any CPU
		{DEEBE370-4F29-1D12-E598-9DC29B99BD12}.Debug|Any CPU.Build.0 = Debug|Any CPU
		{DEEBE370-4F29-1D12-E598-9DC29B99BD12}.Release|Any CPU.ActiveCfg = Release|Any CPU
		{DEEBE370-4F29-1D12-E598-9DC29B99BD12}.Release|Any CPU.Build.0 = Release|Any CPU
		{CB4250E2-0AD4-18EC-F5F4-F5F1806E3A51}.Debug|Any CPU.ActiveCfg = Debug|Any CPU
		{CB4250E2-0AD4-18EC-F5F4-F5F1806E3A51}.Debug|Any CPU.Build.0 = Debug|Any CPU
		{CB4250E2-0AD4-18EC-F5F4-F5F1806E3A51}.Release|Any CPU.ActiveCfg = Release|Any CPU
		{CB4250E2-0AD4-18EC-F5F4-F5F1806E3A51}.Release|Any CPU.Build.0 = Release|Any CPU
		{F66797B5-861B-1014-76A7-2006DB6B929F}.Debug|Any CPU.ActiveCfg = Debug|Any CPU
		{F66797B5-861B-1014-76A7-2006DB6B929F}.Debug|Any CPU.Build.0 = Debug|Any CPU
		{F66797B5-861B-1014-76A7-2006DB6B929F}.Release|Any CPU.ActiveCfg = Release|Any CPU
		{F66797B5-861B-1014-76A7-2006DB6B929F}.Release|Any CPU.Build.0 = Release|Any CPU
		{6E5C5EAA-CAC8-D614-422F-9E36175738FB}.Debug|Any CPU.ActiveCfg = Debug|Any CPU
		{6E5C5EAA-CAC8-D614-422F-9E36175738FB}.Debug|Any CPU.Build.0 = Debug|Any CPU
		{6E5C5EAA-CAC8-D614-422F-9E36175738FB}.Release|Any CPU.ActiveCfg = Release|Any CPU
		{6E5C5EAA-CAC8-D614-422F-9E36175738FB}.Release|Any CPU.Build.0 = Release|Any CPU
		{9ED58211-6C4C-57CF-B0F0-CBF0FBD43C1D}.Debug|Any CPU.ActiveCfg = Debug|Any CPU
		{9ED58211-6C4C-57CF-B0F0-CBF0FBD43C1D}.Debug|Any CPU.Build.0 = Debug|Any CPU
		{9ED58211-6C4C-57CF-B0F0-CBF0FBD43C1D}.Release|Any CPU.ActiveCfg = Release|Any CPU
		{9ED58211-6C4C-57CF-B0F0-CBF0FBD43C1D}.Release|Any CPU.Build.0 = Release|Any CPU
		{66469385-0229-36A3-ACC6-B38093C7E7B7}.Debug|Any CPU.ActiveCfg = Debug|Any CPU
		{66469385-0229-36A3-ACC6-B38093C7E7B7}.Debug|Any CPU.Build.0 = Debug|Any CPU
		{66469385-0229-36A3-ACC6-B38093C7E7B7}.Release|Any CPU.ActiveCfg = Release|Any CPU
		{66469385-0229-36A3-ACC6-B38093C7E7B7}.Release|Any CPU.Build.0 = Release|Any CPU
		{7AE4D50E-19CA-C0C0-5B90-A0E3F38C45F3}.Debug|Any CPU.ActiveCfg = Debug|Any CPU
		{7AE4D50E-19CA-C0C0-5B90-A0E3F38C45F3}.Debug|Any CPU.Build.0 = Debug|Any CPU
		{7AE4D50E-19CA-C0C0-5B90-A0E3F38C45F3}.Release|Any CPU.ActiveCfg = Release|Any CPU
		{7AE4D50E-19CA-C0C0-5B90-A0E3F38C45F3}.Release|Any CPU.Build.0 = Release|Any CPU
		{38BCFEDA-7E79-A1BA-F1BB-FFF65AFF17D4}.Debug|Any CPU.ActiveCfg = Debug|Any CPU
		{38BCFEDA-7E79-A1BA-F1BB-FFF65AFF17D4}.Debug|Any CPU.Build.0 = Debug|Any CPU
		{38BCFEDA-7E79-A1BA-F1BB-FFF65AFF17D4}.Release|Any CPU.ActiveCfg = Release|Any CPU
		{38BCFEDA-7E79-A1BA-F1BB-FFF65AFF17D4}.Release|Any CPU.Build.0 = Release|Any CPU
	EndGlobalSection
	GlobalSection(SolutionProperties) = preSolution
		HideSolutionNode = FALSE
	EndGlobalSection
EndGlobal
